
Microsoft Visual Studio Solution File, Format Version 12.00
Project("{2150E333-8FDC-42A3-9474-1A3956D46DE8}") = "Domain", "Domain", "{AB0C7AD7-5E7F-4AAE-A198-CB855D96B1C7}"
EndProject
Project("{FAE04EC0-301F-11D3-BF4B-00C04F79EFBC}") = "UniversiteDomain", "UniversiteDomain\UniversiteDomain.csproj", "{FD694F15-42F2-4874-8D7E-373FA979D659}"
EndProject
Global
	GlobalSection(SolutionConfigurationPlatforms) = preSolution
		Debug|Any CPU = Debug|Any CPU
		Release|Any CPU = Release|Any CPU
	EndGlobalSection
	GlobalSection(NestedProjects) = preSolution
		{FD694F15-42F2-4874-8D7E-373FA979D659} = {AB0C7AD7-5E7F-4AAE-A198-CB855D96B1C7}
	EndGlobalSection
	GlobalSection(ProjectConfigurationPlatforms) = postSolution
		{FD694F15-42F2-4874-8D7E-373FA979D659}.Debug|Any CPU.ActiveCfg = Debug|Any CPU
		{FD694F15-42F2-4874-8D7E-373FA979D659}.Debug|Any CPU.Build.0 = Debug|Any CPU
		{FD694F15-42F2-4874-8D7E-373FA979D659}.Release|Any CPU.ActiveCfg = Release|Any CPU
		{FD694F15-42F2-4874-8D7E-373FA979D659}.Release|Any CPU.Build.0 = Release|Any CPU
	EndGlobalSection
EndGlobal
